
Microsoft Visual Studio Solution File, Format Version 12.00
# Visual Studio Version 17
VisualStudioVersion = 17.1.31911.260
MinimumVisualStudioVersion = 10.0.40219.1
Project("{FAE04EC0-301F-11D3-BF4B-00C04F79EFBC}") = "GMA", "GMA\GMA.csproj", "{43524CF3-4B21-4A4B-8C64-9ED8D547E97C}"
EndProject
Global
	GlobalSection(SolutionConfigurationPlatforms) = preSolution
		Debug|Any CPU = Debug|Any CPU
		Release|Any CPU = Release|Any CPU
	EndGlobalSection
	GlobalSection(ProjectConfigurationPlatforms) = postSolution
		{43524CF3-4B21-4A4B-8C64-9ED8D547E97C}.Debug|Any CPU.ActiveCfg = Debug|Any CPU
		{43524CF3-4B21-4A4B-8C64-9ED8D547E97C}.Debug|Any CPU.Build.0 = Debug|Any CPU
		{43524CF3-4B21-4A4B-8C64-9ED8D547E97C}.Release|Any CPU.ActiveCfg = Release|Any CPU
		{43524CF3-4B21-4A4B-8C64-9ED8D547E97C}.Release|Any CPU.Build.0 = Release|Any CPU
	EndGlobalSection
	GlobalSection(SolutionProperties) = preSolution
		HideSolutionNode = FALSE
	EndGlobalSection
	GlobalSection(ExtensibilityGlobals) = postSolution
		SolutionGuid = {69BD4200-DAB3-4BB7-91DD-F3FC75BB1796}
	EndGlobalSection
EndGlobal
